
Microsoft Visual Studio Solution File, Format Version 12.00
# Visual Studio Version 17
VisualStudioVersion = 17.5.002.0
MinimumVisualStudioVersion = 10.0.40219.1
Project("{9A19103F-16F7-4668-BE54-9A1E7A4F7556}") = "task_68", "task_68.csproj", "{CBB061C3-0A93-408A-94EA-97BA1CB73E0C}"
EndProject
Global
	GlobalSection(SolutionConfigurationPlatforms) = preSolution
		Debug|Any CPU = Debug|Any CPU
		Release|Any CPU = Release|Any CPU
	EndGlobalSection
	GlobalSection(ProjectConfigurationPlatforms) = postSolution
		{CBB061C3-0A93-408A-94EA-97BA1CB73E0C}.Debug|Any CPU.ActiveCfg = Debug|Any CPU
		{CBB061C3-0A93-408A-94EA-97BA1CB73E0C}.Debug|Any CPU.Build.0 = Debug|Any CPU
		{CBB061C3-0A93-408A-94EA-97BA1CB73E0C}.Release|Any CPU.ActiveCfg = Release|Any CPU
		{CBB061C3-0A93-408A-94EA-97BA1CB73E0C}.Release|Any CPU.Build.0 = Release|Any CPU
	EndGlobalSection
	GlobalSection(SolutionProperties) = preSolution
		HideSolutionNode = FALSE
	EndGlobalSection
	GlobalSection(ExtensibilityGlobals) = postSolution
		SolutionGuid = {1C8AADDF-0C94-41A5-9F4C-4A749FCFA0B3}
	EndGlobalSection
EndGlobal
